
Microsoft Visual Studio Solution File, Format Version 12.00
# Visual Studio 15
VisualStudioVersion = 15.0.28307.168
MinimumVisualStudioVersion = 10.0.40219.1
Project("{FAE04EC0-301F-11D3-BF4B-00C04F79EFBC}") = "MinecartSharp", "MinecartSharp\MinecartSharp.csproj", "{CF03E147-8F1A-4C8A-BAE5-49E367BCC0ED}"
EndProject
Global
	GlobalSection(SolutionConfigurationPlatforms) = preSolution
		Debug|Any CPU = Debug|Any CPU
		Release|Any CPU = Release|Any CPU
	EndGlobalSection
	GlobalSection(ProjectConfigurationPlatforms) = postSolution
		{CF03E147-8F1A-4C8A-BAE5-49E367BCC0ED}.Debug|Any CPU.ActiveCfg = Debug|Any CPU
		{CF03E147-8F1A-4C8A-BAE5-49E367BCC0ED}.Debug|Any CPU.Build.0 = Debug|Any CPU
		{CF03E147-8F1A-4C8A-BAE5-49E367BCC0ED}.Release|Any CPU.ActiveCfg = Release|Any CPU
		{CF03E147-8F1A-4C8A-BAE5-49E367BCC0ED}.Release|Any CPU.Build.0 = Release|Any CPU
	EndGlobalSection
	GlobalSection(SolutionProperties) = preSolution
		HideSolutionNode = FALSE
	EndGlobalSection
	GlobalSection(ExtensibilityGlobals) = postSolution
		SolutionGuid = {904839E7-0564-47A1-B93C-123B66879D95}
	EndGlobalSection
EndGlobal
